lockfileVersion: '9.0'

settings:
  autoInstallPeers: true
  excludeLinksFromLockfile: false

importers:

  .:
    dependencies:
      '@mutinylabs/slip':
        specifier: ^0.2.0
        version: 0.2.0(typescript@5.9.3)
      '@solana/kit':
        specifier: ^6.10.0
        version: 6.10.0(typescript@5.9.3)
      '@wallet-standard/app':
        specifier: ^1.1.0
        version: 1.1.1
    devDependencies:
      '@solana/surfpool':
        specifier: 1.4.0
        version: 1.4.0
      '@types/node':
        specifier: ^22.10.0
        version: 22.20.1
      tsx:
        specifier: ^4.19.2
        version: 4.23.1
      typescript:
        specifier: ^5.7.2
        version: 5.9.3

packages:

  '@esbuild/aix-ppc64@0.28.1':
    resolution: {integrity: sha512-Svl7tq8k/08+p6CXPpRjQ1fKX+1odH/BQbb48fV6fj3CWHhsoIOoY87w1oHXm0qEpkIK3ZfVgp0hed3XBXzXMQ==}
    engines: {node: '>=18'}
    cpu: [ppc64]
    os: [aix]

  '@esbuild/android-arm64@0.28.1':
    resolution: {integrity: sha512-34EGEbCIAgosYz6goLcopX6Mo7NyGv9tfwEM2/7Ce2VcVRk568iSvniGWcUXIy7wEDR1wzolcxcriFVrWYcwBg==}
    engines: {node: '>=18'}
    cpu: [arm64]
    os: [android]

  '@esbuild/android-arm@0.28.1':
    resolution: {integrity: sha512-0k2F129Xdio1TdJfzJ8sy1Q47vUD2NnwdhiAf7drUN1EBTfPf4hsFCtmMgu/6m8JSzsBrlmVjudMBQqOfG8usQ==}
    engines: {node: '>=18'}
    cpu: [arm]
    os: [android]

  '@esbuild/android-x64@0.28.1':
    resolution: {integrity: sha512-dbwY7ltSMDWsRatcRpCnES4F+im88OCUgGZjy52shC7GqHRE/cYlxNbB4Z4UpJswpcc4Qxd2oE/ufM0p61IKng==}
    engines: {node: '>=18'}
    cpu: [x64]
    os: [android]

  '@esbuild/darwin-arm64@0.28.1':
    resolution: {integrity: sha512-TZbWkQY7kvTAXbXUT7uVACR5cMHsDiSz9z7ZKAX/RTq/WJEk3QyRr0wZpNhBDX+/0CtdqUIJlOiodQcta6tY3Q==}
    engines: {node: '>=18'}
    cpu: [arm64]
    os: [darwin]

  '@esbuild/darwin-x64@0.28.1':
    resolution: {integrity: sha512-zfdzgK9ACBNZLI/CyHTOx81SyNbM6YXn7rxSgX97VjyiPl9W1i4Ka4fgKECEoFCKGpvBj5qArWIGgQjOwkgskQ==}
    engines: {node: '>=18'}
    cpu: [x64]
    os: [darwin]

  '@esbuild/freebsd-arm64@0.28.1':
    resolution: {integrity: sha512-wG2EA8ENdEI0qhkSZMjfqrdY+ziCYCPMmtZjjIwOmXFjmyzEHn+UUxk5of+SYsjtfs3VpnlC7QLzSI5hY/rOAw==}
    engines: {node: '>=18'}
    cpu: [arm64]
    os: [freebsd]

  '@esbuild/freebsd-x64@0.28.1':
    resolution: {integrity: sha512-i7dZ9vQgnvSCzi/rYCXNgtF/U+eKZNJBzu3eTQbRgHnM7tNSizLOkRFAl3qzVc/Op/u5YkHHa4pf/3DOYHthLQ==}
    engines: {node: '>=18'}
    cpu: [x64]
    os: [freebsd]

  '@esbuild/linux-arm64@0.28.1':
    resolution: {integrity: sha512-yHs+0uc8+nvEAfAfxrWQKK5peSNzBc4PegcMO0EJ2hT71uA7vB8Ihg2e77R2P7SG5uYjPbHlLLmve4LLLRCf0g==}
    engines: {node: '>=18'}
    cpu: [arm64]
    os: [linux]

  '@esbuild/linux-arm@0.28.1':
    resolution: {integrity: sha512-qVXBOHQS+d5Y722GwJzJUtOLlX7km3CraOaGormF1pDtPd2C/l1SHRPgjLunLGe51Sh5YYWKMFDyV4SxgMQYTQ==}
    engines: {node: '>=18'}
    cpu: [arm]
    os: [linux]

  '@esbuild/linux-ia32@0.28.1':
    resolution: {integrity: sha512-d1z4ZuP0ajrfz/FhGT4vv278rX8KnPPJx8i5+AtK7TYbx9Le9F1hyzurZpkEyjkGa9dUGhQow4C1NmeGvqxN2w==}
    engines: {node: '>=18'}
    cpu: [ia32]
    os: [linux]

  '@esbuild/linux-loong64@0.28.1':
    resolution: {integrity: sha512-M5sRjUVZrkm1OAPR3dlOYzNmN+loZKGVi1VUQGrwuqLcbR6qeAz+famMhjASeH3YVKvZz+zT1jlh/keC3Rj/lg==}
    engines: {node: '>=18'}
    cpu: [loong64]
    os: [linux]

  '@esbuild/linux-mips64el@0.28.1':
    resolution: {integrity: sha512-mRObBZeHh2OxcBFPWE/FjylkRgZdYuiTR3vaTozquCGOH14iP9oN4x4Ge81CoIDYQrXmIxpFumJBu5MtZpnQJQ==}
    engines: {node: '>=18'}
    cpu: [mips64el]
    os: [linux]

  '@esbuild/linux-ppc64@0.28.1':
    resolution: {integrity: sha512-slScBsMAb3GFDcdrCgLwZtPYRoH2H/youv10QiZyRjmsP48fznoveWytSgCI/R0ZcUgpc0ZhIUEx6LHts8yrfQ==}
    engines: {node: '>=18'}
    cpu: [ppc64]
    os: [linux]

  '@esbuild/linux-riscv64@0.28.1':
    resolution: {integrity: sha512-kw0owk1o0GFETUJyW0jc0G4Yzs0BHZn0JDZ8JRT088vjJYX777BAs1fDGxAC+q831qOs2DTC96mNsG2opdfyyQ==}
    engines: {node: '>=18'}
    cpu: [riscv64]
    os: [linux]

  '@esbuild/linux-s390x@0.28.1':
    resolution: {integrity: sha512-/lAIjX8aYFRByhh6L5rYtPEDRqa9de/4V/juOXcta5frjvzXO4/sqEtyytse0g3zZFuWu5cDN0MkLz2qRDD2Ag==}
    engines: {node: '>=18'}
    cpu: [s390x]
    os: [linux]

  '@esbuild/linux-x64@0.28.1':
    resolution: {integrity: sha512-u/anNYF2mmVOEDwLtnQ1wOr3EZ9sTNGLWrsYGYwHWzGA3Si84IOkHXlbWTD1NB+9/1lcnweYKO54uhxZydNzfA==}
    engines: {node: '>=18'}
    cpu: [x64]
    os: [linux]

  '@esbuild/netbsd-arm64@0.28.1':
    resolution: {integrity: sha512-oks0DYbLwWMmaakTsCb+zL4E+aHRVLom9IJZOAthMQEPiQmydXHkziYEsGYRx0uNV/IjEKGAV941JzH02pflqw==}
    engines: {node: '>=18'}
    cpu: [arm64]
    os: [netbsd]

  '@esbuild/netbsd-x64@0.28.1':
    resolution: {integrity: sha512-aeL6lAnN89Hz43Mlh1G8ARasbuoYvSITDEx0tHh5b7jJnHcssqgjy9Yx430GDpmCa6OyrKoS0aNRjKundRizGg==}
    engines: {node: '>=18'}
    cpu: [x64]
    os: [netbsd]

  '@esbuild/openbsd-arm64@0.28.1':
    resolution: {integrity: sha512-MEFJe5C3R8pwXdZ5Y21oo6m7ePiS0d9pWucn99O/wvyJZChoIQKrQDxKrGeW8F5+T0okTHesAmDeiHDTIq0V/Q==}
    engines: {node: '>=18'}
    cpu: [arm64]
    os: [openbsd]

  '@esbuild/openbsd-x64@0.28.1':
    resolution: {integrity: sha512-i/ZLIOafE0Z8cI/XANJAixoJL/uRAoS2xOA3rb0xN+KK0K177cMAsQYkzHtBrtMXAKuAc7HGgcWiZ/sRC1Nxgw==}
    engines: {node: '>=18'}
    cpu: [x64]
    os: [openbsd]

  '@esbuild/openharmony-arm64@0.28.1':
    resolution: {integrity: sha512-ge+Z7EXFNt2BO1oAMsVpiQ8EwndV9i1xXerAeTIK7AtPs3bKFXQM7nlRxDSIUIMeueR1CNXxqztLzdNeReKBJg==}
    engines: {node: '>=18'}
    cpu: [arm64]
    os: [openharmony]

  '@esbuild/sunos-x64@0.28.1':
    resolution: {integrity: sha512-BEjgtECkL3vY+SaSQ6nzVfiALUeFxpawyp8Jmf5PtYhf1Ug40N1h/hxlhts+f1FvSvarEigdxS3BlSMI2PJLcQ==}
    engines: {node: '>=18'}
    cpu: [x64]
    os: [sunos]

  '@esbuild/win32-arm64@0.28.1':
    resolution: {integrity: sha512-lCv9eK/H6ZJWbE7bh2nw54CZ9M2nupBxJcTsdk/QQnWkdSjKGuxmmH8/GWrlT1eMmZfn4dGcCjRte397WqfQXA==}
    engines: {node: '>=18'}
    cpu: [arm64]
    os: [win32]

  '@esbuild/win32-ia32@0.28.1':
    resolution: {integrity: sha512-zvb/mB2bSCoJOpoCBgYKKpX6YM6mJBlBUVUtVj41DlZJVEB6/0CKlRYxP5wWl1C1ILiCoAU5wZZ4q1P3qeS6Eg==}
    engines: {node: '>=18'}
    cpu: [ia32]
    os: [win32]

  '@esbuild/win32-x64@0.28.1':
    resolution: {integrity: sha512-bm4Mowrv+GXMlpWX++EcXw/iLyd1o3+bJkC2DkWXYVvgZCqD/bSj9ctZeAMC3cIxgjRVR2Dufaiu4YPxr5gW1A==}
    engines: {node: '>=18'}
    cpu: [x64]
    os: [win32]

  '@mutinylabs/slip@0.2.0':
    resolution: {integrity: sha512-mXiddMb98toRH6d42D5wcQQDJHcrGFXC418hZrfKJtWohiwPeL2uSnSYg1DpzgGt1W1JkYQVjWo5BqpXzFVOqQ==}
    engines: {node: '>=22'}
    peerDependencies:
      '@ai-sdk/groq': 4.0.12
      '@coral-xyz/anchor': 0.32.1
      '@noble/hashes': ^1.6.1
      '@solana/spl-token': ^0.4.9
      '@solana/web3.js': ^1.98.0
      ai: ^7.0.28
      zod: ^4.4.3
    peerDependenciesMeta:
      '@ai-sdk/groq':
        optional: true
      '@coral-xyz/anchor':
        optional: true
      '@noble/hashes':
        optional: true
      '@solana/spl-token':
        optional: true
      '@solana/web3.js':
        optional: true
      ai:
        optional: true
      zod:
        optional: true

  '@solana/accounts@6.10.0':
    resolution: {integrity: sha512-+FxfDOrnifoPlBkF+fr8eeQdgM6xtIgAg9xKMu3WnIz60oZd4Xnry6+ff6t+ePPoZZp397FSg9ZJet68VCWm5Q==}
    engines: {node: '>=20.18.0'}
    peerDependencies:
      typescript: '>=5.4.0'
    peerDependenciesMeta:
      typescript:
        optional: true

  '@solana/addresses@6.10.0':
    resolution: {integrity: sha512-vEoCGBTxG0HCERAn84KXkrJjl+pDaNzOpZ0qbgcPS98fYxP5yzbKB8SNOY2bzrbkRUmmw5Q3hqTRERemUN2Gcw==}
    engines: {node: '>=20.18.0'}
    peerDependencies:
      typescript: '>=5.4.0'
    peerDependenciesMeta:
      typescript:
        optional: true

  '@solana/assertions@6.10.0':
    resolution: {integrity: sha512-lKSAdVo+P/6Lp4vs6shstXmFOpvxrABwn4o1462tb7sKkNapk6o9pPFVPGw4DUgPS3WqWRs1j2tmpuVjhQRntg==}
    engines: {node: '>=20.18.0'}
    peerDependencies:
      typescript: '>=5.4.0'
    peerDependenciesMeta:
      typescript:
        optional: true

  '@solana/codecs-core@6.10.0':
    resolution: {integrity: sha512-nfAl9OMGo4HanIMxGsQoVB7BxMoqBCYEUxl8oEAZZ09pDxnaXQZkTRXEwPPccag37XfW1ciPd1vWPKwB2b0HHQ==}
    engines: {node: '>=20.18.0'}
    peerDependencies:
      typescript: '>=5.4.0'
    peerDependenciesMeta:
      typescript:
        optional: true

  '@solana/codecs-data-structures@6.10.0':
    resolution: {integrity: sha512-CNasJW3bq5u+632Zt5aJ8rOjAjv2HyenpV8o9kAIqdmV4CBpjCCoBnKn8LkuR/sbeREZxJYfhKTXO/9ruAkw7A==}
    engines: {node: '>=20.18.0'}
    peerDependencies:
      typescript: '>=5.4.0'
    peerDependenciesMeta:
      typescript:
        optional: true

  '@solana/codecs-numbers@6.10.0':
    resolution: {integrity: sha512-CcM+wX4zOiA9zkh8A7t1787A0Ehgmu5+6Z2tKoHew6cNw/dkaUTPa8JnNHbvfsLC8dfHC1BhAEJl86sKmRsfkQ==}
    engines: {node: '>=20.18.0'}
    peerDependencies:
      typescript: '>=5.4.0'
    peerDependenciesMeta:
      typescript:
        optional: true

  '@solana/codecs-strings@6.10.0':
    resolution: {integrity: sha512-zlaqkg7K6F6IN4V/Ec8TWkTn054gxv7ZLagvGkuEyAdPQ6BzzsehOm2TqCuyXgJJTCGPLY1bEk6yH9NxANe0kA==}
    engines: {node: '>=20.18.0'}
    peerDependencies:
      fastestsmallesttextencoderdecoder: ^1.0.22
      typescript: '>=5.4.0'
    peerDependenciesMeta:
      fastestsmallesttextencoderdecoder:
        optional: true
      typescript:
        optional: true

  '@solana/codecs@6.10.0':
    resolution: {integrity: sha512-lLVuxod4ChWp9i7OvpgIykYG8Q9OGPVXKnHM9VlzDDLylsx7Y1FoQL00sHa7PqFkJVmkBufaA6dcGbQ7FU+lAQ==}
    engines: {node: '>=20.18.0'}
    peerDependencies:
      typescript: '>=5.4.0'
    peerDependenciesMeta:
      typescript:
        optional: true

  '@solana/errors@6.10.0':
    resolution: {integrity: sha512-KBLAxCtAXr357JNhCyIDQXWbuSj5vN6w+28FSfcYY6OOSiphmXLAV3V58jgV0C6iNbIzFJFi6yatFyDTdeJsNg==}
    engines: {node: '>=20.18.0'}
    hasBin: true
    peerDependencies:
      typescript: '>=5.4.0'
    peerDependenciesMeta:
      typescript:
        optional: true

  '@solana/fast-stable-stringify@6.10.0':
    resolution: {integrity: sha512-iCNed27wk6PKSS3QUtHovRfMWF/jbVWogs2vB4tukKUCsqG4rDfDInIwZ6ur/nY6XTrgi2gMMdZq9GAUlWsbfw==}
    engines: {node: '>=20.18.0'}
    peerDependencies:
      typescript: '>=5.4.0'
    peerDependenciesMeta:
      typescript:
        optional: true

  '@solana/fixed-points@6.10.0':
    resolution: {integrity: sha512-ZkKL0alXH3L7/wMiVG8YUuG8qBKunlM810+YBD7nUPRhifiGsX1zwADViHLYNqLr/jUk0mTYFUcKznTpB/K+Gg==}
    engines: {node: '>=20.18.0'}
    peerDependencies:
      typescript: '>=5.4.0'
    peerDependenciesMeta:
      typescript:
        optional: true

  '@solana/functional@6.10.0':
    resolution: {integrity: sha512-P8cevu4mAqHTXC37h1TVoOh8zhWB2tlOI/R9vWjYPpcLwcyWf8p2qq4LEGHl5kY+1C+4PNX39HsmCocXOPCDkQ==}
    engines: {node: '>=20.18.0'}
    peerDependencies:
      typescript: '>=5.4.0'
    peerDependenciesMeta:
      typescript:
        optional: true

  '@solana/instruction-plans@6.10.0':
    resolution: {integrity: sha512-YG7mo4zykzdc6ZTV0BuN6pveK9qeBySzlYYerq578A4eQu3xcypMAYRGAvhMZtWTanjjmD6CKtM0M7kVp0TNxg==}
    engines: {node: '>=20.18.0'}
    peerDependencies:
      typescript: '>=5.4.0'
    peerDependenciesMeta:
      typescript:
        optional: true

  '@solana/instructions@6.10.0':
    resolution: {integrity: sha512-0TToYF+8LXQ3ofPMx+yF6yaM9l4YJvcAPMy0qV5JsrBUFlWXBSANRuudKBQLHMvb+a3OiUTq5X7omuorKMBB3A==}
    engines: {node: '>=20.18.0'}
    peerDependencies:
      typescript: '>=5.4.0'
    peerDependenciesMeta:
      typescript:
        optional: true

  '@solana/keys@6.10.0':
    resolution: {integrity: sha512-26IRfdm/hTUCmM7MeEeX0ULSbCM6OzkZTkfkrPircqmRM7xyNqP4hq7u0P7wjb9dl7NfgyG6K7cdvUxrj2e3mA==}
    engines: {node: '>=20.18.0'}
    peerDependencies:
      typescript: '>=5.4.0'
    peerDependenciesMeta:
      typescript:
        optional: true

  '@solana/kit@6.10.0':
    resolution: {integrity: sha512-/WnnQp3uARh2JCFSfAakejTAqwmXVuMVTcRn5r2yDwY2yzZ4R6mt/Cl59VPimVLNSoTyN/KsEwhv9omr3ERazQ==}
    engines: {node: '>=20.18.0'}
    peerDependencies:
      typescript: '>=5.4.0'
    peerDependenciesMeta:
      typescript:
        optional: true

  '@solana/nominal-types@6.10.0':
    resolution: {integrity: sha512-9ykyBBvnkInH7fCacjJi7zu2PJyd+OCt+VTjIISv070fHzKIMFqZqJJ/dJ0SRH2aHwfB3n86iVsmtBtuxi4KKA==}
    engines: {node: '>=20.18.0'}
    peerDependencies:
      typescript: '>=5.4.0'
    peerDependenciesMeta:
      typescript:
        optional: true

  '@solana/offchain-messages@6.10.0':
    resolution: {integrity: sha512-RiEgAueeMkFMC1suOXBIcmCZgtXRxy24yk0DldPB37bB4zwOF1SAaRjNRPjIkGK8RhCYrEpPosnzLyavw9ueRg==}
    engines: {node: '>=20.18.0'}
    peerDependencies:
      typescript: '>=5.4.0'
    peerDependenciesMeta:
      typescript:
        optional: true

  '@solana/options@6.10.0':
    resolution: {integrity: sha512-RO9UT3UYD8/Cu2uM6ZXbKvLeMnVD42+g9JRds7Pfs4AhiOyg4R4TJrQUAppTgavPTO3PBRlWtWOC05ZH/yAIbg==}
    engines: {node: '>=20.18.0'}
    peerDependencies:
      typescript: '>=5.4.0'
    peerDependenciesMeta:
      typescript:
        optional: true

  '@solana/plugin-core@6.10.0':
    resolution: {integrity: sha512-JE70YTQOfFACVFGvoJon4Scc/eHUWjMu8Ovo35CcV2kHTAHYMCd4UkBd2gmlhK0vRMMomsQi1ZLPlAlTq0OoUQ==}
    engines: {node: '>=20.18.0'}
    peerDependencies:
      typescript: '>=5.4.0'
    peerDependenciesMeta:
      typescript:
        optional: true

  '@solana/plugin-interfaces@6.10.0':
    resolution: {integrity: sha512-vr0/l9wcM4orwGr8cjkFWaJ9A4HvzuAv00jMFNMg0Spd0GZqnwnpW+D/fXa1lIJnTRaF3EeEjLh4VjKU037T0Q==}
    engines: {node: '>=20.18.0'}
    peerDependencies:
      typescript: '>=5.4.0'
    peerDependenciesMeta:
      typescript:
        optional: true

  '@solana/program-client-core@6.10.0':
    resolution: {integrity: sha512-4PPbTLdC1ylHIuvhOFDP8RnSkXPCFjNFWGslzc+UFKnoR4ajzBcByX94jmaruDMk5ncxgj7tr9pzJTvfGHIaMA==}
    engines: {node: '>=20.18.0'}
    peerDependencies:
      typescript: '>=5.4.0'
    peerDependenciesMeta:
      typescript:
        optional: true

  '@solana/programs@6.10.0':
    resolution: {integrity: sha512-qn/HeLP5KGUJXVub3fyGe69/rWaLX4jzwm6V/1pNxJDbdF+MBdgn18hP6F+VmhfdNmwK0lue3J/1HQ1UTMuQeQ==}
    engines: {node: '>=20.18.0'}
    peerDependencies:
      typescript: '>=5.4.0'
    peerDependenciesMeta:
      typescript:
        optional: true

  '@solana/promises@6.10.0':
    resolution: {integrity: sha512-oJSIn+VBBMWDo8oqw7RV3tI6Jih+Ieup6FcQLYLDUriaeo7+8l1Zdezl8zh7SIfeU4lOfAbRg6mR0huaS/Lltg==}
    engines: {node: '>=20.18.0'}
    peerDependencies:
      typescript: '>=5.4.0'
    peerDependenciesMeta:
      typescript:
        optional: true

  '@solana/rpc-api@6.10.0':
    resolution: {integrity: sha512-RjPIVsAb/85P1ptoO3WpC0x7QG6gG/e4q/3lo6gbSznUZOcoM+8sSBnCX7BwP1ZkCDS6NK/ClXLnhhhYZx+OGg==}
    engines: {node: '>=20.18.0'}
    peerDependencies:
      typescript: '>=5.4.0'
    peerDependenciesMeta:
      typescript:
        optional: true

  '@solana/rpc-parsed-types@6.10.0':
    resolution: {integrity: sha512-5275mvSV1mxhwvrMVa+K7BU/nAetpHfcb+8Ql9rtA8RRf6DyiimFQFZUukE4Ez6XJihEpCHNy98yhkgai9wytQ==}
    engines: {node: '>=20.18.0'}
    peerDependencies:
      typescript: '>=5.4.0'
    peerDependenciesMeta:
      typescript:
        optional: true

  '@solana/rpc-spec-types@6.10.0':
    resolution: {integrity: sha512-NDZrKyZrJk4HaMFhTE/lAiMB824cWAodKqDHyKi0UteHU9pyRmil3BN1jt7e+j08mwMWwfklSgyrTaq52g6DIQ==}
    engines: {node: '>=20.18.0'}
    peerDependencies:
      typescript: '>=5.4.0'
    peerDependenciesMeta:
      typescript:
        optional: true

  '@solana/rpc-spec@6.10.0':
    resolution: {integrity: sha512-yQdbWw5mZEWrwsunHR9NHkuhMXIB9sPOObwm18D53v5tAJnxTB0IcHvO647XqFDLTK/yQ4AdDtlYD1vsY07AMQ==}
    engines: {node: '>=20.18.0'}
    peerDependencies:
      typescript: '>=5.4.0'
    peerDependenciesMeta:
      typescript:
        optional: true

  '@solana/rpc-subscriptions-api@6.10.0':
    resolution: {integrity: sha512-CRPQoTtT1cOwOQUsqS7jgo7wYdAj7jB5ab/UmMPWVpecf2FNMhWhgvxP2s82M7VkDGTGl13qaQ0WySmi7Egrlg==}
    engines: {node: '>=20.18.0'}
    peerDependencies:
      typescript: '>=5.4.0'
    peerDependenciesMeta:
      typescript:
        optional: true

  '@solana/rpc-subscriptions-channel-websocket@6.10.0':
    resolution: {integrity: sha512-KkqP1186HELPlJftA88SNAT2znR8knCVzsUipXVzY4zfW8sN3LOa0ePMzh9VZ/V+J+raTt55laR87ovAO0n+zw==}
    engines: {node: '>=20.18.0'}
    peerDependencies:
      typescript: '>=5.4.0'
    peerDependenciesMeta:
      typescript:
        optional: true

  '@solana/rpc-subscriptions-spec@6.10.0':
    resolution: {integrity: sha512-nWMwGaG4ulzeX2sskY5TywXF3cwEd8FDmUpLe2JBWxE8XDAOGOKcsYPYFcBgb8ee9KqfPT2PTNdcz9jOhJf34w==}
    engines: {node: '>=20.18.0'}
    peerDependencies:
      typescript: '>=5.4.0'
    peerDependenciesMeta:
      typescript:
        optional: true

  '@solana/rpc-subscriptions@6.10.0':
    resolution: {integrity: sha512-6mfuHp/K7unFKCOTCCBC9ziEGnxe2tyJ74EbR51QUnBeCUdYD7Hhdpxic1WRSJ3UeNW/mG4OzFM6z8Wi64Eh9Q==}
    engines: {node: '>=20.18.0'}
    peerDependencies:
      typescript: '>=5.4.0'
    peerDependenciesMeta:
      typescript:
        optional: true

  '@solana/rpc-transformers@6.10.0':
    resolution: {integrity: sha512-2nFUrVTiE720pJOY4XKx3HuYmishw0of/4oScu76YGm6O8wsmvFvPNAkrEinmieWXQkfpBfRvLZmpl8PaAy+ug==}
    engines: {node: '>=20.18.0'}
    peerDependencies:
      typescript: '>=5.4.0'
    peerDependenciesMeta:
      typescript:
        optional: true

  '@solana/rpc-transport-http@6.10.0':
    resolution: {integrity: sha512-JrdNuYi0nBbD3X8JUtgX1dQJwIwz/WJvmigDdELysXfGB2bTJpfjqGDLhCLOz2sRl66FASIEqgG/LVa2C9VXcA==}
    engines: {node: '>=20.18.0'}
    peerDependencies:
      typescript: '>=5.4.0'
    peerDependenciesMeta:
      typescript:
        optional: true

  '@solana/rpc-types@6.10.0':
    resolution: {integrity: sha512-zaSecTfCPvz/vcoAmKD6XoRstGHTr1EKJBD8T9UcpEFFB6CtF6DxerDB+wrzkamuT6msmnR2DWXMrYOGDAsgIg==}
    engines: {node: '>=20.18.0'}
    peerDependencies:
      typescript: '>=5.4.0'
    peerDependenciesMeta:
      typescript:
        optional: true

  '@solana/rpc@6.10.0':
    resolution: {integrity: sha512-EwxsqoD+NXV+m+iobnWNtATD93gTgaNsOiQOzYB1/2e+8S6fl6obdNPB55yfXgtl4jt6GV6/ae4xuPhLv76vvg==}
    engines: {node: '>=20.18.0'}
    peerDependencies:
      typescript: '>=5.4.0'
    peerDependenciesMeta:
      typescript:
        optional: true

  '@solana/signers@6.10.0':
    resolution: {integrity: sha512-+vtCc+mT1FpGxrA5oL2aaMxSHiMJ2hH5PcDIfjo2XJkHz2klZiCZyT5F9+zpltc9vdi1QTElQq59Sfplmtd33A==}
    engines: {node: '>=20.18.0'}
    peerDependencies:
      typescript: '>=5.4.0'
    peerDependenciesMeta:
      typescript:
        optional: true

  '@solana/subscribable@6.10.0':
    resolution: {integrity: sha512-VsR6XMwkiDBkZJUcoGkEOhf397pOV75gKCL9Bx8bpi2T3Bbs0CxUpMn4yaUgAnRba3eXmjbXMNCXjttfa6sKbw==}
    engines: {node: '>=20.18.0'}
    peerDependencies:
      typescript: '>=5.4.0'
    peerDependenciesMeta:
      typescript:
        optional: true

  '@solana/surfpool-darwin-arm64@1.4.0':
    resolution: {integrity: sha512-/sh7zJEzulPtBbB7ykUmhhrox+X1BJ1ff/OH81C7X/W0usXZtIRuonSKA2KgWHFFUVFHYRemMv6GmkmbbPlTjQ==}
    engines: {node: '>=18'}
    cpu: [arm64]
    os: [darwin]

  '@solana/surfpool-darwin-x64@1.4.0':
    resolution: {integrity: sha512-AZXo4a/MlmUAsfmbL7MQBf1aHOerR3K0Xj1Cjq64N7D5pXU9dJ4MbtU+xI+V+X6QFSN1WWdr9fIies6BwXl3qg==}
    engines: {node: '>=18'}
    cpu: [x64]
    os: [darwin]

  '@solana/surfpool-linux-x64-gnu@1.4.0':
    resolution: {integrity: sha512-hOZ+Yq52asaYyM2/mmd9iqir+1FM9aWSKGM7YHgAREy4pGdMvtcgMSAo36n/zCcWfb83Byey8SQUXRvO3CqDag==}
    engines: {node: '>=18'}
    cpu: [x64]
    os: [linux]
    libc: [glibc]

  '@solana/surfpool@1.4.0':
    resolution: {integrity: sha512-YAHZz4Gkq4JKg82pVt4yENs+zxvcUliyS1Nz5JVBYiww3LZp9SG0Fsf/vHakQdgyuEaBwPuLVhS/PritsEhUbA==}
    engines: {node: '>=18'}

  '@solana/sysvars@6.10.0':
    resolution: {integrity: sha512-cG13p1+onxz+20iWjwWQr1Z1jQwPm0fnjoW75fqZq7p4rVCie3L2sXvaJsYPjWKrUvpOzOIEHnqZGkG05rCpjg==}
    engines: {node: '>=20.18.0'}
    peerDependencies:
      typescript: '>=5.4.0'
    peerDependenciesMeta:
      typescript:
        optional: true

  '@solana/transaction-confirmation@6.10.0':
    resolution: {integrity: sha512-ULvtg65qfenh4T/GYcIlKSUv5EqDcng9UN0dxbHU4kuZdR2e0B8HN2xDC4WhcFQVeFJSbTZmaYFkeTY/Y4gfGQ==}
    engines: {node: '>=20.18.0'}
    peerDependencies:
      typescript: '>=5.4.0'
    peerDependenciesMeta:
      typescript:
        optional: true

  '@solana/transaction-messages@6.10.0':
    resolution: {integrity: sha512-s7v8G3BTxGlKYIj3eWCG0g1296v+1LBt16mVnlRH5FuyaJ5AdhlhtRho5HUDpdwE8EXun+y1c48V6uhcZ8wdbQ==}
    engines: {node: '>=20.18.0'}
    peerDependencies:
      typescript: '>=5.4.0'
    peerDependenciesMeta:
      typescript:
        optional: true

  '@solana/transactions@6.10.0':
    resolution: {integrity: sha512-VADSqP9OTYmhrox4pcgDd4+RjVmednXSE0+8Y7SPK4PN1pK5Az2RJ0nSsy0xcTnaOr8mF/crwFktqPrRQwSbQA==}
    engines: {node: '>=20.18.0'}
    peerDependencies:
      typescript: '>=5.4.0'
    peerDependenciesMeta:
      typescript:
        optional: true

  '@types/node@22.20.1':
    resolution: {integrity: sha512-EANqOCF9QFyra+4pfxUcX9STKJpCLjMbObVzljIJomAWSnuSIEAvyzEU53GaajbXJEgdh0iEcPL+DGvpUd4k1Q==}

  '@wallet-standard/app@1.1.1':
    resolution: {integrity: sha512-WDGwoByhP5gwHH01r5EaLgQdLVkACPCdOMQhmhn8rsm10h/siSgTorShzBxrn0ExSPof+Lu+C3TfgqBrPa1xoQ==}
    engines: {node: '>=22'}

  '@wallet-standard/base@1.1.1':
    resolution: {integrity: sha512-gggIHTtxicF9XFMQ12DkfS6NAG92Ak795JeSA7f2whAQ6Y3AkMWWuCMxSZXG2NIPN42kEaZSNVjqMsJRaJRxMQ==}
    engines: {node: '>=22'}

  chalk@5.6.2:
    resolution: {integrity: sha512-7NzBL0rN6fMUW+f7A6Io4h40qQlG+xGmtMxfbnH/K7TAtt8JQWVQK+6g0UXKMeVJoyV5EkkNsErQ8pVD3bLHbA==}
    engines: {node: ^12.17.0 || ^14.13 || >=16.0.0}

  commander@15.0.0:
    resolution: {integrity: sha512-z67u4ZhzCL/Tydu1lJARtEZYWbWaN7oYLHbsuzocr6y4N6WZAagG3RQ4FW61V1/0+jImpj293XfrcYnd1qxtPg==}
    engines: {node: '>=22.12.0'}

  esbuild@0.28.1:
    resolution: {integrity: sha512-HrJrvZv5ayxBzPfwphOoNzkzOIIlifzk0KJrGK2c8R4+LKpMtpYLQeUdjnwjWv/LZlkH2laZk+4w78pi99D4Vw==}
    engines: {node: '>=18'}
    hasBin: true

  fsevents@2.3.3:
    resolution: {integrity: sha512-5xoDfX+fL7faATnagmWPpbFtwh/R77WmMMqqHGS65C3vvB0YHrgF+B1YmZ3441tMj5n63k0212XNoJwzlhffQw==}
    engines: {node: ^8.16.0 || ^10.6.0 || >=11.0.0}
    os: [darwin]

  tsx@4.23.1:
    resolution: {integrity: sha512-GQHnkIfxyx1wYCOS/wonik5MVRZU9hi1TEZmzGZSCJB1y9YgoZ8H6itNE/u4suE+yLmOzuE4E5S4TZ/ZX2wcWQ==}
    engines: {node: '>=18.0.0'}
    hasBin: true

  typescript@5.9.3:
    resolution: {integrity: sha512-jl1vZzPDinLr9eUt3J/t7V6FgNEw9QjvBPdysz9KfQDD41fQrC2Y4vKQdiaUpFT4bXlb1RHhLpp8wtm6M5TgSw==}
    engines: {node: '>=14.17'}
    hasBin: true

  undici-types@6.21.0:
    resolution: {integrity: sha512-iwDZqg0QAGrg9Rav5H4n0M64c3mkR59cJ6wQp+7C4nI0gsmExaedaYLNO44eT4AtBBwjbTiGPMlt2Md0T9H9JQ==}

  undici-types@8.7.0:
    resolution: {integrity: sha512-gbsS+hAjHg9iV+T8XWdFqnOZEk4f5xrrX3eb9Y1GDe+B5u9H68P6SzYXXUw/rkRvJHRgKIdNfAcrcVj/JvayVA==}

  ws@8.21.1:
    resolution: {integrity: sha512-+0NTnW77fFN/DjQi6k/Sq/Yvk4Sgajw7urW8V+asjXnRgDs9gyGkdb7EzgfhA4goXsRIZKE28fzIXBHEzhuiWw==}
    engines: {node: '>=10.0.0'}
    peerDependencies:
      bufferutil: ^4.0.1
      utf-8-validate: '>=5.0.2'
    peerDependenciesMeta:
      bufferutil:
        optional: true
      utf-8-validate:
        optional: true

snapshots:

  '@esbuild/aix-ppc64@0.28.1':
    optional: true

  '@esbuild/android-arm64@0.28.1':
    optional: true

  '@esbuild/android-arm@0.28.1':
    optional: true

  '@esbuild/android-x64@0.28.1':
    optional: true

  '@esbuild/darwin-arm64@0.28.1':
    optional: true

  '@esbuild/darwin-x64@0.28.1':
    optional: true

  '@esbuild/freebsd-arm64@0.28.1':
    optional: true

  '@esbuild/freebsd-x64@0.28.1':
    optional: true

  '@esbuild/linux-arm64@0.28.1':
    optional: true

  '@esbuild/linux-arm@0.28.1':
    optional: true

  '@esbuild/linux-ia32@0.28.1':
    optional: true

  '@esbuild/linux-loong64@0.28.1':
    optional: true

  '@esbuild/linux-mips64el@0.28.1':
    optional: true

  '@esbuild/linux-ppc64@0.28.1':
    optional: true

  '@esbuild/linux-riscv64@0.28.1':
    optional: true

  '@esbuild/linux-s390x@0.28.1':
    optional: true

  '@esbuild/linux-x64@0.28.1':
    optional: true

  '@esbuild/netbsd-arm64@0.28.1':
    optional: true

  '@esbuild/netbsd-x64@0.28.1':
    optional: true

  '@esbuild/openbsd-arm64@0.28.1':
    optional: true

  '@esbuild/openbsd-x64@0.28.1':
    optional: true

  '@esbuild/openharmony-arm64@0.28.1':
    optional: true

  '@esbuild/sunos-x64@0.28.1':
    optional: true

  '@esbuild/win32-arm64@0.28.1':
    optional: true

  '@esbuild/win32-ia32@0.28.1':
    optional: true

  '@esbuild/win32-x64@0.28.1':
    optional: true

  '@mutinylabs/slip@0.2.0(typescript@5.9.3)':
    dependencies:
      '@solana/kit': 6.10.0(typescript@5.9.3)
    transitivePeerDependencies:
      - bufferutil
      - fastestsmallesttextencoderdecoder
      - typescript
      - utf-8-validate

  '@solana/accounts@6.10.0(typescript@5.9.3)':
    dependencies:
      '@solana/addresses': 6.10.0(typescript@5.9.3)
      '@solana/codecs-core': 6.10.0(typescript@5.9.3)
      '@solana/codecs-strings': 6.10.0(typescript@5.9.3)
      '@solana/errors': 6.10.0(typescript@5.9.3)
      '@solana/rpc-spec': 6.10.0(typescript@5.9.3)
      '@solana/rpc-types': 6.10.0(typescript@5.9.3)
    optionalDependencies:
      typescript: 5.9.3
    transitivePeerDependencies:
      - fastestsmallesttextencoderdecoder

  '@solana/addresses@6.10.0(typescript@5.9.3)':
    dependencies:
      '@solana/assertions': 6.10.0(typescript@5.9.3)
      '@solana/codecs-core': 6.10.0(typescript@5.9.3)
      '@solana/codecs-strings': 6.10.0(typescript@5.9.3)
      '@solana/errors': 6.10.0(typescript@5.9.3)
      '@solana/nominal-types': 6.10.0(typescript@5.9.3)
    optionalDependencies:
      typescript: 5.9.3
    transitivePeerDependencies:
      - fastestsmallesttextencoderdecoder

  '@solana/assertions@6.10.0(typescript@5.9.3)':
    dependencies:
      '@solana/errors': 6.10.0(typescript@5.9.3)
    optionalDependencies:
      typescript: 5.9.3

  '@solana/codecs-core@6.10.0(typescript@5.9.3)':
    dependencies:
      '@solana/errors': 6.10.0(typescript@5.9.3)
    optionalDependencies:
      typescript: 5.9.3

  '@solana/codecs-data-structures@6.10.0(typescript@5.9.3)':
    dependencies:
      '@solana/codecs-core': 6.10.0(typescript@5.9.3)
      '@solana/codecs-numbers': 6.10.0(typescript@5.9.3)
      '@solana/errors': 6.10.0(typescript@5.9.3)
    optionalDependencies:
      typescript: 5.9.3

  '@solana/codecs-numbers@6.10.0(typescript@5.9.3)':
    dependencies:
      '@solana/codecs-core': 6.10.0(typescript@5.9.3)
      '@solana/errors': 6.10.0(typescript@5.9.3)
    optionalDependencies:
      typescript: 5.9.3

  '@solana/codecs-strings@6.10.0(typescript@5.9.3)':
    dependencies:
      '@solana/codecs-core': 6.10.0(typescript@5.9.3)
      '@solana/codecs-numbers': 6.10.0(typescript@5.9.3)
      '@solana/errors': 6.10.0(typescript@5.9.3)
    optionalDependencies:
      typescript: 5.9.3

  '@solana/codecs@6.10.0(typescript@5.9.3)':
    dependencies:
      '@solana/codecs-core': 6.10.0(typescript@5.9.3)
      '@solana/codecs-data-structures': 6.10.0(typescript@5.9.3)
      '@solana/codecs-numbers': 6.10.0(typescript@5.9.3)
      '@solana/codecs-strings': 6.10.0(typescript@5.9.3)
      '@solana/fixed-points': 6.10.0(typescript@5.9.3)
      '@solana/options': 6.10.0(typescript@5.9.3)
    optionalDependencies:
      typescript: 5.9.3
    transitivePeerDependencies:
      - fastestsmallesttextencoderdecoder

  '@solana/errors@6.10.0(typescript@5.9.3)':
    dependencies:
      chalk: 5.6.2
      commander: 15.0.0
    optionalDependencies:
      typescript: 5.9.3

  '@solana/fast-stable-stringify@6.10.0(typescript@5.9.3)':
    optionalDependencies:
      typescript: 5.9.3

  '@solana/fixed-points@6.10.0(typescript@5.9.3)':
    dependencies:
      '@solana/codecs-core': 6.10.0(typescript@5.9.3)
      '@solana/errors': 6.10.0(typescript@5.9.3)
    optionalDependencies:
      typescript: 5.9.3

  '@solana/functional@6.10.0(typescript@5.9.3)':
    optionalDependencies:
      typescript: 5.9.3

  '@solana/instruction-plans@6.10.0(typescript@5.9.3)':
    dependencies:
      '@solana/errors': 6.10.0(typescript@5.9.3)
      '@solana/instructions': 6.10.0(typescript@5.9.3)
      '@solana/keys': 6.10.0(typescript@5.9.3)
      '@solana/promises': 6.10.0(typescript@5.9.3)
      '@solana/transaction-messages': 6.10.0(typescript@5.9.3)
      '@solana/transactions': 6.10.0(typescript@5.9.3)
    optionalDependencies:
      typescript: 5.9.3
    transitivePeerDependencies:
      - fastestsmallesttextencoderdecoder

  '@solana/instructions@6.10.0(typescript@5.9.3)':
    dependencies:
      '@solana/codecs-core': 6.10.0(typescript@5.9.3)
      '@solana/errors': 6.10.0(typescript@5.9.3)
    optionalDependencies:
      typescript: 5.9.3

  '@solana/keys@6.10.0(typescript@5.9.3)':
    dependencies:
      '@solana/assertions': 6.10.0(typescript@5.9.3)
      '@solana/codecs-core': 6.10.0(typescript@5.9.3)
      '@solana/codecs-strings': 6.10.0(typescript@5.9.3)
      '@solana/errors': 6.10.0(typescript@5.9.3)
      '@solana/nominal-types': 6.10.0(typescript@5.9.3)
      '@solana/promises': 6.10.0(typescript@5.9.3)
    optionalDependencies:
      typescript: 5.9.3
    transitivePeerDependencies:
      - fastestsmallesttextencoderdecoder

  '@solana/kit@6.10.0(typescript@5.9.3)':
    dependencies:
      '@solana/accounts': 6.10.0(typescript@5.9.3)
      '@solana/addresses': 6.10.0(typescript@5.9.3)
      '@solana/codecs': 6.10.0(typescript@5.9.3)
      '@solana/errors': 6.10.0(typescript@5.9.3)
      '@solana/functional': 6.10.0(typescript@5.9.3)
      '@solana/instruction-plans': 6.10.0(typescript@5.9.3)
      '@solana/instructions': 6.10.0(typescript@5.9.3)
      '@solana/keys': 6.10.0(typescript@5.9.3)
      '@solana/offchain-messages': 6.10.0(typescript@5.9.3)
      '@solana/plugin-core': 6.10.0(typescript@5.9.3)
      '@solana/plugin-interfaces': 6.10.0(typescript@5.9.3)
      '@solana/program-client-core': 6.10.0(typescript@5.9.3)
      '@solana/programs': 6.10.0(typescript@5.9.3)
      '@solana/rpc': 6.10.0(typescript@5.9.3)
      '@solana/rpc-api': 6.10.0(typescript@5.9.3)
      '@solana/rpc-parsed-types': 6.10.0(typescript@5.9.3)
      '@solana/rpc-spec-types': 6.10.0(typescript@5.9.3)
      '@solana/rpc-subscriptions': 6.10.0(typescript@5.9.3)
      '@solana/rpc-types': 6.10.0(typescript@5.9.3)
      '@solana/signers': 6.10.0(typescript@5.9.3)
      '@solana/subscribable': 6.10.0(typescript@5.9.3)
      '@solana/sysvars': 6.10.0(typescript@5.9.3)
      '@solana/transaction-confirmation': 6.10.0(typescript@5.9.3)
      '@solana/transaction-messages': 6.10.0(typescript@5.9.3)
      '@solana/transactions': 6.10.0(typescript@5.9.3)
    optionalDependencies:
      typescript: 5.9.3
    transitivePeerDependencies:
      - bufferutil
      - fastestsmallesttextencoderdecoder
      - utf-8-validate

  '@solana/nominal-types@6.10.0(typescript@5.9.3)':
    optionalDependencies:
      typescript: 5.9.3

  '@solana/offchain-messages@6.10.0(typescript@5.9.3)':
    dependencies:
      '@solana/addresses': 6.10.0(typescript@5.9.3)
      '@solana/codecs-core': 6.10.0(typescript@5.9.3)
      '@solana/codecs-data-structures': 6.10.0(typescript@5.9.3)
      '@solana/codecs-numbers': 6.10.0(typescript@5.9.3)
      '@solana/codecs-strings': 6.10.0(typescript@5.9.3)
      '@solana/errors': 6.10.0(typescript@5.9.3)
      '@solana/keys': 6.10.0(typescript@5.9.3)
      '@solana/nominal-types': 6.10.0(typescript@5.9.3)
    optionalDependencies:
      typescript: 5.9.3
    transitivePeerDependencies:
      - fastestsmallesttextencoderdecoder

  '@solana/options@6.10.0(typescript@5.9.3)':
    dependencies:
      '@solana/codecs-core': 6.10.0(typescript@5.9.3)
      '@solana/codecs-data-structures': 6.10.0(typescript@5.9.3)
      '@solana/codecs-numbers': 6.10.0(typescript@5.9.3)
      '@solana/codecs-strings': 6.10.0(typescript@5.9.3)
      '@solana/errors': 6.10.0(typescript@5.9.3)
    optionalDependencies:
      typescript: 5.9.3
    transitivePeerDependencies:
      - fastestsmallesttextencoderdecoder

  '@solana/plugin-core@6.10.0(typescript@5.9.3)':
    optionalDependencies:
      typescript: 5.9.3

  '@solana/plugin-interfaces@6.10.0(typescript@5.9.3)':
    dependencies:
      '@solana/addresses': 6.10.0(typescript@5.9.3)
      '@solana/instruction-plans': 6.10.0(typescript@5.9.3)
      '@solana/keys': 6.10.0(typescript@5.9.3)
      '@solana/rpc-spec': 6.10.0(typescript@5.9.3)
      '@solana/rpc-subscriptions-spec': 6.10.0(typescript@5.9.3)
      '@solana/rpc-types': 6.10.0(typescript@5.9.3)
      '@solana/signers': 6.10.0(typescript@5.9.3)
    optionalDependencies:
      typescript: 5.9.3
    transitivePeerDependencies:
      - fastestsmallesttextencoderdecoder

  '@solana/program-client-core@6.10.0(typescript@5.9.3)':
    dependencies:
      '@solana/accounts': 6.10.0(typescript@5.9.3)
      '@solana/addresses': 6.10.0(typescript@5.9.3)
      '@solana/codecs-core': 6.10.0(typescript@5.9.3)
      '@solana/errors': 6.10.0(typescript@5.9.3)
      '@solana/instruction-plans': 6.10.0(typescript@5.9.3)
      '@solana/instructions': 6.10.0(typescript@5.9.3)
      '@solana/plugin-interfaces': 6.10.0(typescript@5.9.3)
      '@solana/rpc-api': 6.10.0(typescript@5.9.3)
      '@solana/signers': 6.10.0(typescript@5.9.3)
    optionalDependencies:
      typescript: 5.9.3
    transitivePeerDependencies:
      - fastestsmallesttextencoderdecoder

  '@solana/programs@6.10.0(typescript@5.9.3)':
    dependencies:
      '@solana/addresses': 6.10.0(typescript@5.9.3)
      '@solana/errors': 6.10.0(typescript@5.9.3)
    optionalDependencies:
      typescript: 5.9.3
    transitivePeerDependencies:
      - fastestsmallesttextencoderdecoder

  '@solana/promises@6.10.0(typescript@5.9.3)':
    optionalDependencies:
      typescript: 5.9.3

  '@solana/rpc-api@6.10.0(typescript@5.9.3)':
    dependencies:
      '@solana/addresses': 6.10.0(typescript@5.9.3)
      '@solana/codecs-core': 6.10.0(typescript@5.9.3)
      '@solana/codecs-strings': 6.10.0(typescript@5.9.3)
      '@solana/errors': 6.10.0(typescript@5.9.3)
      '@solana/keys': 6.10.0(typescript@5.9.3)
      '@solana/rpc-parsed-types': 6.10.0(typescript@5.9.3)
      '@solana/rpc-spec': 6.10.0(typescript@5.9.3)
      '@solana/rpc-transformers': 6.10.0(typescript@5.9.3)
      '@solana/rpc-types': 6.10.0(typescript@5.9.3)
      '@solana/transaction-messages': 6.10.0(typescript@5.9.3)
      '@solana/transactions': 6.10.0(typescript@5.9.3)
    optionalDependencies:
      typescript: 5.9.3
    transitivePeerDependencies:
      - fastestsmallesttextencoderdecoder

  '@solana/rpc-parsed-types@6.10.0(typescript@5.9.3)':
    optionalDependencies:
      typescript: 5.9.3

  '@solana/rpc-spec-types@6.10.0(typescript@5.9.3)':
    optionalDependencies:
      typescript: 5.9.3

  '@solana/rpc-spec@6.10.0(typescript@5.9.3)':
    dependencies:
      '@solana/errors': 6.10.0(typescript@5.9.3)
      '@solana/rpc-spec-types': 6.10.0(typescript@5.9.3)
      '@solana/subscribable': 6.10.0(typescript@5.9.3)
    optionalDependencies:
      typescript: 5.9.3

  '@solana/rpc-subscriptions-api@6.10.0(typescript@5.9.3)':
    dependencies:
      '@solana/addresses': 6.10.0(typescript@5.9.3)
      '@solana/keys': 6.10.0(typescript@5.9.3)
      '@solana/rpc-subscriptions-spec': 6.10.0(typescript@5.9.3)
      '@solana/rpc-transformers': 6.10.0(typescript@5.9.3)
      '@solana/rpc-types': 6.10.0(typescript@5.9.3)
      '@solana/transaction-messages': 6.10.0(typescript@5.9.3)
      '@solana/transactions': 6.10.0(typescript@5.9.3)
    optionalDependencies:
      typescript: 5.9.3
    transitivePeerDependencies:
      - fastestsmallesttextencoderdecoder

  '@solana/rpc-subscriptions-channel-websocket@6.10.0(typescript@5.9.3)':
    dependencies:
      '@solana/errors': 6.10.0(typescript@5.9.3)
      '@solana/functional': 6.10.0(typescript@5.9.3)
      '@solana/rpc-subscriptions-spec': 6.10.0(typescript@5.9.3)
      '@solana/subscribable': 6.10.0(typescript@5.9.3)
      ws: 8.21.1
    optionalDependencies:
      typescript: 5.9.3
    transitivePeerDependencies:
      - bufferutil
      - utf-8-validate

  '@solana/rpc-subscriptions-spec@6.10.0(typescript@5.9.3)':
    dependencies:
      '@solana/errors': 6.10.0(typescript@5.9.3)
      '@solana/promises': 6.10.0(typescript@5.9.3)
      '@solana/rpc-spec-types': 6.10.0(typescript@5.9.3)
      '@solana/subscribable': 6.10.0(typescript@5.9.3)
    optionalDependencies:
      typescript: 5.9.3

  '@solana/rpc-subscriptions@6.10.0(typescript@5.9.3)':
    dependencies:
      '@solana/errors': 6.10.0(typescript@5.9.3)
      '@solana/fast-stable-stringify': 6.10.0(typescript@5.9.3)
      '@solana/functional': 6.10.0(typescript@5.9.3)
      '@solana/promises': 6.10.0(typescript@5.9.3)
      '@solana/rpc-spec-types': 6.10.0(typescript@5.9.3)
      '@solana/rpc-subscriptions-api': 6.10.0(typescript@5.9.3)
      '@solana/rpc-subscriptions-channel-websocket': 6.10.0(typescript@5.9.3)
      '@solana/rpc-subscriptions-spec': 6.10.0(typescript@5.9.3)
      '@solana/rpc-transformers': 6.10.0(typescript@5.9.3)
      '@solana/rpc-types': 6.10.0(typescript@5.9.3)
      '@solana/subscribable': 6.10.0(typescript@5.9.3)
    optionalDependencies:
      typescript: 5.9.3
    transitivePeerDependencies:
      - bufferutil
      - fastestsmallesttextencoderdecoder
      - utf-8-validate

  '@solana/rpc-transformers@6.10.0(typescript@5.9.3)':
    dependencies:
      '@solana/errors': 6.10.0(typescript@5.9.3)
      '@solana/functional': 6.10.0(typescript@5.9.3)
      '@solana/nominal-types': 6.10.0(typescript@5.9.3)
      '@solana/rpc-spec-types': 6.10.0(typescript@5.9.3)
      '@solana/rpc-types': 6.10.0(typescript@5.9.3)
    optionalDependencies:
      typescript: 5.9.3
    transitivePeerDependencies:
      - fastestsmallesttextencoderdecoder

  '@solana/rpc-transport-http@6.10.0(typescript@5.9.3)':
    dependencies:
      '@solana/errors': 6.10.0(typescript@5.9.3)
      '@solana/rpc-spec': 6.10.0(typescript@5.9.3)
      '@solana/rpc-spec-types': 6.10.0(typescript@5.9.3)
      undici-types: 8.7.0
    optionalDependencies:
      typescript: 5.9.3

  '@solana/rpc-types@6.10.0(typescript@5.9.3)':
    dependencies:
      '@solana/addresses': 6.10.0(typescript@5.9.3)
      '@solana/codecs-core': 6.10.0(typescript@5.9.3)
      '@solana/codecs-numbers': 6.10.0(typescript@5.9.3)
      '@solana/codecs-strings': 6.10.0(typescript@5.9.3)
      '@solana/errors': 6.10.0(typescript@5.9.3)
      '@solana/fixed-points': 6.10.0(typescript@5.9.3)
      '@solana/nominal-types': 6.10.0(typescript@5.9.3)
    optionalDependencies:
      typescript: 5.9.3
    transitivePeerDependencies:
      - fastestsmallesttextencoderdecoder

  '@solana/rpc@6.10.0(typescript@5.9.3)':
    dependencies:
      '@solana/errors': 6.10.0(typescript@5.9.3)
      '@solana/fast-stable-stringify': 6.10.0(typescript@5.9.3)
      '@solana/functional': 6.10.0(typescript@5.9.3)
      '@solana/rpc-api': 6.10.0(typescript@5.9.3)
      '@solana/rpc-spec': 6.10.0(typescript@5.9.3)
      '@solana/rpc-spec-types': 6.10.0(typescript@5.9.3)
      '@solana/rpc-transformers': 6.10.0(typescript@5.9.3)
      '@solana/rpc-transport-http': 6.10.0(typescript@5.9.3)
      '@solana/rpc-types': 6.10.0(typescript@5.9.3)
    optionalDependencies:
      typescript: 5.9.3
    transitivePeerDependencies:
      - fastestsmallesttextencoderdecoder

  '@solana/signers@6.10.0(typescript@5.9.3)':
    dependencies:
      '@solana/addresses': 6.10.0(typescript@5.9.3)
      '@solana/codecs-core': 6.10.0(typescript@5.9.3)
      '@solana/errors': 6.10.0(typescript@5.9.3)
      '@solana/instructions': 6.10.0(typescript@5.9.3)
      '@solana/keys': 6.10.0(typescript@5.9.3)
      '@solana/nominal-types': 6.10.0(typescript@5.9.3)
      '@solana/offchain-messages': 6.10.0(typescript@5.9.3)
      '@solana/transaction-messages': 6.10.0(typescript@5.9.3)
      '@solana/transactions': 6.10.0(typescript@5.9.3)
    optionalDependencies:
      typescript: 5.9.3
    transitivePeerDependencies:
      - fastestsmallesttextencoderdecoder

  '@solana/subscribable@6.10.0(typescript@5.9.3)':
    dependencies:
      '@solana/errors': 6.10.0(typescript@5.9.3)
      '@solana/promises': 6.10.0(typescript@5.9.3)
    optionalDependencies:
      typescript: 5.9.3

  '@solana/surfpool-darwin-arm64@1.4.0':
    optional: true

  '@solana/surfpool-darwin-x64@1.4.0':
    optional: true

  '@solana/surfpool-linux-x64-gnu@1.4.0':
    optional: true

  '@solana/surfpool@1.4.0':
    optionalDependencies:
      '@solana/surfpool-darwin-arm64': 1.4.0
      '@solana/surfpool-darwin-x64': 1.4.0
      '@solana/surfpool-linux-x64-gnu': 1.4.0

  '@solana/sysvars@6.10.0(typescript@5.9.3)':
    dependencies:
      '@solana/accounts': 6.10.0(typescript@5.9.3)
      '@solana/codecs-core': 6.10.0(typescript@5.9.3)
      '@solana/codecs-data-structures': 6.10.0(typescript@5.9.3)
      '@solana/codecs-numbers': 6.10.0(typescript@5.9.3)
      '@solana/errors': 6.10.0(typescript@5.9.3)
      '@solana/rpc-types': 6.10.0(typescript@5.9.3)
    optionalDependencies:
      typescript: 5.9.3
    transitivePeerDependencies:
      - fastestsmallesttextencoderdecoder

  '@solana/transaction-confirmation@6.10.0(typescript@5.9.3)':
    dependencies:
      '@solana/addresses': 6.10.0(typescript@5.9.3)
      '@solana/codecs-strings': 6.10.0(typescript@5.9.3)
      '@solana/errors': 6.10.0(typescript@5.9.3)
      '@solana/keys': 6.10.0(typescript@5.9.3)
      '@solana/promises': 6.10.0(typescript@5.9.3)
      '@solana/rpc': 6.10.0(typescript@5.9.3)
      '@solana/rpc-subscriptions': 6.10.0(typescript@5.9.3)
      '@solana/rpc-types': 6.10.0(typescript@5.9.3)
      '@solana/transaction-messages': 6.10.0(typescript@5.9.3)
      '@solana/transactions': 6.10.0(typescript@5.9.3)
    optionalDependencies:
      typescript: 5.9.3
    transitivePeerDependencies:
      - bufferutil
      - fastestsmallesttextencoderdecoder
      - utf-8-validate

  '@solana/transaction-messages@6.10.0(typescript@5.9.3)':
    dependencies:
      '@solana/addresses': 6.10.0(typescript@5.9.3)
      '@solana/codecs-core': 6.10.0(typescript@5.9.3)
      '@solana/codecs-data-structures': 6.10.0(typescript@5.9.3)
      '@solana/codecs-numbers': 6.10.0(typescript@5.9.3)
      '@solana/errors': 6.10.0(typescript@5.9.3)
      '@solana/functional': 6.10.0(typescript@5.9.3)
      '@solana/instructions': 6.10.0(typescript@5.9.3)
      '@solana/nominal-types': 6.10.0(typescript@5.9.3)
      '@solana/rpc-types': 6.10.0(typescript@5.9.3)
    optionalDependencies:
      typescript: 5.9.3
    transitivePeerDependencies:
      - fastestsmallesttextencoderdecoder

  '@solana/transactions@6.10.0(typescript@5.9.3)':
    dependencies:
      '@solana/addresses': 6.10.0(typescript@5.9.3)
      '@solana/codecs-core': 6.10.0(typescript@5.9.3)
      '@solana/codecs-data-structures': 6.10.0(typescript@5.9.3)
      '@solana/codecs-numbers': 6.10.0(typescript@5.9.3)
      '@solana/codecs-strings': 6.10.0(typescript@5.9.3)
      '@solana/errors': 6.10.0(typescript@5.9.3)
      '@solana/functional': 6.10.0(typescript@5.9.3)
      '@solana/instructions': 6.10.0(typescript@5.9.3)
      '@solana/keys': 6.10.0(typescript@5.9.3)
      '@solana/nominal-types': 6.10.0(typescript@5.9.3)
      '@solana/rpc-types': 6.10.0(typescript@5.9.3)
      '@solana/transaction-messages': 6.10.0(typescript@5.9.3)
    optionalDependencies:
      typescript: 5.9.3
    transitivePeerDependencies:
      - fastestsmallesttextencoderdecoder

  '@types/node@22.20.1':
    dependencies:
      undici-types: 6.21.0

  '@wallet-standard/app@1.1.1':
    dependencies:
      '@wallet-standard/base': 1.1.1

  '@wallet-standard/base@1.1.1': {}

  chalk@5.6.2: {}

  commander@15.0.0: {}

  esbuild@0.28.1:
    optionalDependencies:
      '@esbuild/aix-ppc64': 0.28.1
      '@esbuild/android-arm': 0.28.1
      '@esbuild/android-arm64': 0.28.1
      '@esbuild/android-x64': 0.28.1
      '@esbuild/darwin-arm64': 0.28.1
      '@esbuild/darwin-x64': 0.28.1
      '@esbuild/freebsd-arm64': 0.28.1
      '@esbuild/freebsd-x64': 0.28.1
      '@esbuild/linux-arm': 0.28.1
      '@esbuild/linux-arm64': 0.28.1
      '@esbuild/linux-ia32': 0.28.1
      '@esbuild/linux-loong64': 0.28.1
      '@esbuild/linux-mips64el': 0.28.1
      '@esbuild/linux-ppc64': 0.28.1
      '@esbuild/linux-riscv64': 0.28.1
      '@esbuild/linux-s390x': 0.28.1
      '@esbuild/linux-x64': 0.28.1
      '@esbuild/netbsd-arm64': 0.28.1
      '@esbuild/netbsd-x64': 0.28.1
      '@esbuild/openbsd-arm64': 0.28.1
      '@esbuild/openbsd-x64': 0.28.1
      '@esbuild/openharmony-arm64': 0.28.1
      '@esbuild/sunos-x64': 0.28.1
      '@esbuild/win32-arm64': 0.28.1
      '@esbuild/win32-ia32': 0.28.1
      '@esbuild/win32-x64': 0.28.1

  fsevents@2.3.3:
    optional: true

  tsx@4.23.1:
    dependencies:
      esbuild: 0.28.1
    optionalDependencies:
      fsevents: 2.3.3

  typescript@5.9.3: {}

  undici-types@6.21.0: {}

  undici-types@8.7.0: {}

  ws@8.21.1: {}
